
Microsoft Visual Studio Solution File, Format Version 12.00
# Visual Studio Version 17
VisualStudioVersion = 17.11.35208.52
MinimumVisualStudioVersion = 10.0.40219.1
Project("{9A19103F-16F7-4668-BE54-9A1E7A4F7556}") = "CategorizeTrades.Presentation.ConsoleApp", "CategorizeTrades.Presentation\ConsoleApp\CategorizeTrades.Presentation.ConsoleApp.csproj", "{BC005ACC-E471-47B3-9897-78CEB78C9EB3}"
EndProject
Project("{9A19103F-16F7-4668-BE54-9A1E7A4F7556}") = "CategorizeTrades.Domain", "CategorizeTrades.Domain\CategorizeTrades.Domain.csproj", "{40DD9F15-AB2E-4B48-AE61-79FC3F0A25E8}"
EndProject
Project("{9A19103F-16F7-4668-BE54-9A1E7A4F7556}") = "CategorizeTrades.Application", "CategorizeTrades.Application\CategorizeTrades.Application.csproj", "{1DCD65C6-D75F-427E-92C0-FB93CEF87DAA}"
EndProject
Project("{9A19103F-16F7-4668-BE54-9A1E7A4F7556}") = "CategorizeTrades.Infrastructure", "CategorizeTrades.Infrastructure\CategorizeTrades.Infrastructure.csproj", "{5F2529C6-954A-4902-8CAA-776DC4EB633A}"
EndProject
Project("{FAE04EC0-301F-11D3-BF4B-00C04F79EFBC}") = "CategorizeTrades.Test", "CategorizeTrades.Test\CategorizeTrades.Test.csproj", "{ED2739D7-0A04-4CAE-9AA1-6106428927AE}"
EndProject
Global
	GlobalSection(SolutionConfigurationPlatforms) = preSolution
		Debug|Any CPU = Debug|Any CPU
		Release|Any CPU = Release|Any CPU
	EndGlobalSection
	GlobalSection(ProjectConfigurationPlatforms) = postSolution
		{BC005ACC-E471-47B3-9897-78CEB78C9EB3}.Debug|Any CPU.ActiveCfg = Debug|Any CPU
		{BC005ACC-E471-47B3-9897-78CEB78C9EB3}.Debug|Any CPU.Build.0 = Debug|Any CPU
		{BC005ACC-E471-47B3-9897-78CEB78C9EB3}.Release|Any CPU.ActiveCfg = Release|Any CPU
		{BC005ACC-E471-47B3-9897-78CEB78C9EB3}.Release|Any CPU.Build.0 = Release|Any CPU
		{40DD9F15-AB2E-4B48-AE61-79FC3F0A25E8}.Debug|Any CPU.ActiveCfg = Debug|Any CPU
		{40DD9F15-AB2E-4B48-AE61-79FC3F0A25E8}.Debug|Any CPU.Build.0 = Debug|Any CPU
		{40DD9F15-AB2E-4B48-AE61-79FC3F0A25E8}.Release|Any CPU.ActiveCfg = Release|Any CPU
		{40DD9F15-AB2E-4B48-AE61-79FC3F0A25E8}.Release|Any CPU.Build.0 = Release|Any CPU
		{1DCD65C6-D75F-427E-92C0-FB93CEF87DAA}.Debug|Any CPU.ActiveCfg = Debug|Any CPU
		{1DCD65C6-D75F-427E-92C0-FB93CEF87DAA}.Debug|Any CPU.Build.0 = Debug|Any CPU
		{1DCD65C6-D75F-427E-92C0-FB93CEF87DAA}.Release|Any CPU.ActiveCfg = Release|Any CPU
		{1DCD65C6-D75F-427E-92C0-FB93CEF87DAA}.Release|Any CPU.Build.0 = Release|Any CPU
		{5F2529C6-954A-4902-8CAA-776DC4EB633A}.Debug|Any CPU.ActiveCfg = Debug|Any CPU
		{5F2529C6-954A-4902-8CAA-776DC4EB633A}.Debug|Any CPU.Build.0 = Debug|Any CPU
		{5F2529C6-954A-4902-8CAA-776DC4EB633A}.Release|Any CPU.ActiveCfg = Release|Any CPU
		{5F2529C6-954A-4902-8CAA-776DC4EB633A}.Release|Any CPU.Build.0 = Release|Any CPU
		{ED2739D7-0A04-4CAE-9AA1-6106428927AE}.Debug|Any CPU.ActiveCfg = Debug|Any CPU
		{ED2739D7-0A04-4CAE-9AA1-6106428927AE}.Debug|Any CPU.Build.0 = Debug|Any CPU
		{ED2739D7-0A04-4CAE-9AA1-6106428927AE}.Release|Any CPU.ActiveCfg = Release|Any CPU
		{ED2739D7-0A04-4CAE-9AA1-6106428927AE}.Release|Any CPU.Build.0 = Release|Any CPU
	EndGlobalSection
	GlobalSection(SolutionProperties) = preSolution
		HideSolutionNode = FALSE
	EndGlobalSection
	GlobalSection(ExtensibilityGlobals) = postSolution
		SolutionGuid = {7AFC8548-331A-4A13-A448-52C7E8B5F8B9}
	EndGlobalSection
EndGlobal
